{
    "compile": {
        "com.github.jengelman.gradle.plugins:shadow": {
            "locked": "2.0.1",
            "requested": "latest.release"
        },
        "com.google.guava:guava": {
            "locked": "19.0",
            "requested": "19.+"
        },
        "com.netflix.nebula:gradle-override-plugin": {
            "locked": "3.0.2",
            "requested": "latest.release"
        },
        "com.netflix.nebula:nebula-bintray-plugin": {
            "locked": "3.5.2",
            "requested": "latest.release"
        },
        "com.netflix.nebula:nebula-project-plugin": {
            "locked": "3.4.0",
            "requested": "latest.release"
        },
        "com.netflix.nebula:nebula-publishing-plugin": {
            "locked": "5.1.4",
            "requested": "latest.release"
        },
        "com.netflix.nebula:nebula-release-plugin": {
            "locked": "6.0.2",
            "requested": "latest.release"
        },
        "gradle.plugin.nl.javadude.gradle.plugins:license-gradle-plugin": {
            "locked": "0.14.0",
            "requested": "0.14.0"
        }
    },
    "compileClasspath": {
        "com.github.jengelman.gradle.plugins:shadow": {
            "locked": "2.0.1",
            "requested": "latest.release"
        },
        "com.google.guava:guava": {
            "locked": "19.0",
            "requested": "19.+"
        },
        "com.netflix.nebula:gradle-override-plugin": {
            "locked": "3.0.2",
            "requested": "latest.release"
        },
        "com.netflix.nebula:nebula-bintray-plugin": {
            "locked": "3.5.2",
            "requested": "latest.release"
        },
        "com.netflix.nebula:nebula-project-plugin": {
            "locked": "3.4.0",
            "requested": "latest.release"
        },
        "com.netflix.nebula:nebula-publishing-plugin": {
            "locked": "5.1.4",
            "requested": "latest.release"
        },
        "com.netflix.nebula:nebula-release-plugin": {
            "locked": "6.0.2",
            "requested": "latest.release"
        },
        "gradle.plugin.nl.javadude.gradle.plugins:license-gradle-plugin": {
            "locked": "0.14.0",
            "requested": "0.14.0"
        }
    },
    "default": {
        "com.github.jengelman.gradle.plugins:shadow": {
            "locked": "2.0.1",
            "requested": "latest.release"
        },
        "com.google.guava:guava": {
            "locked": "19.0",
            "requested": "19.+"
        },
        "com.netflix.nebula:gradle-override-plugin": {
            "locked": "3.0.2",
            "requested": "latest.release"
        },
        "com.netflix.nebula:nebula-bintray-plugin": {
            "locked": "3.5.2",
            "requested": "latest.release"
        },
        "com.netflix.nebula:nebula-project-plugin": {
            "locked": "3.4.0",
            "requested": "latest.release"
        },
        "com.netflix.nebula:nebula-publishing-plugin": {
            "locked": "5.1.4",
            "requested": "latest.release"
        },
        "com.netflix.nebula:nebula-release-plugin": {
            "locked": "6.0.2",
            "requested": "latest.release"
        },
        "gradle.plugin.nl.javadude.gradle.plugins:license-gradle-plugin": {
            "locked": "0.14.0",
            "requested": "0.14.0"
        }
    },
    "integTestCompile": {
        "com.github.jengelman.gradle.plugins:shadow": {
            "locked": "2.0.1",
            "requested": "latest.release"
        },
        "com.google.guava:guava": {
            "locked": "19.0",
            "requested": "19.+"
        },
        "com.netflix.nebula:gradle-override-plugin": {
            "locked": "3.0.2",
            "requested": "latest.release"
        },
        "com.netflix.nebula:nebula-bintray-plugin": {
            "locked": "3.5.2",
            "requested": "latest.release"
        },
        "com.netflix.nebula:nebula-project-plugin": {
            "locked": "3.4.0",
            "requested": "latest.release"
        },
        "com.netflix.nebula:nebula-publishing-plugin": {
            "locked": "5.1.4",
            "requested": "latest.release"
        },
        "com.netflix.nebula:nebula-release-plugin": {
            "locked": "6.0.2",
            "requested": "latest.release"
        },
        "com.netflix.nebula:nebula-test": {
            "locked": "6.1.2",
            "requested": "latest.release"
        },
        "gradle.plugin.nl.javadude.gradle.plugins:license-gradle-plugin": {
            "locked": "0.14.0",
            "requested": "0.14.0"
        }
    },
    "integTestCompileClasspath": {
        "com.github.jengelman.gradle.plugins:shadow": {
            "locked": "2.0.1",
            "requested": "latest.release"
        },
        "com.google.guava:guava": {
            "locked": "19.0",
            "requested": "19.+"
        },
        "com.netflix.nebula:gradle-override-plugin": {
            "locked": "3.0.2",
            "requested": "latest.release"
        },
        "com.netflix.nebula:nebula-bintray-plugin": {
            "locked": "3.5.2",
            "requested": "latest.release"
        },
        "com.netflix.nebula:nebula-project-plugin": {
            "locked": "3.4.0",
            "requested": "latest.release"
        },
        "com.netflix.nebula:nebula-publishing-plugin": {
            "locked": "5.1.4",
            "requested": "latest.release"
        },
        "com.netflix.nebula:nebula-release-plugin": {
            "locked": "6.0.2",
            "requested": "latest.release"
        },
        "com.netflix.nebula:nebula-test": {
            "locked": "6.1.2",
            "requested": "latest.release"
        },
        "gradle.plugin.nl.javadude.gradle.plugins:license-gradle-plugin": {
            "locked": "0.14.0",
            "requested": "0.14.0"
        }
    },
    "integTestRuntime": {
        "com.github.jengelman.gradle.plugins:shadow": {
            "locked": "2.0.1",
            "requested": "latest.release"
        },
        "com.google.guava:guava": {
            "locked": "19.0",
            "requested": "19.+"
        },
        "com.netflix.nebula:gradle-override-plugin": {
            "locked": "3.0.2",
            "requested": "latest.release"
        },
        "com.netflix.nebula:nebula-bintray-plugin": {
            "locked": "3.5.2",
            "requested": "latest.release"
        },
        "com.netflix.nebula:nebula-project-plugin": {
            "locked": "3.4.0",
            "requested": "latest.release"
        },
        "com.netflix.nebula:nebula-publishing-plugin": {
            "locked": "5.1.4",
            "requested": "latest.release"
        },
        "com.netflix.nebula:nebula-release-plugin": {
            "locked": "6.0.2",
            "requested": "latest.release"
        },
        "com.netflix.nebula:nebula-test": {
            "locked": "6.1.2",
            "requested": "latest.release"
        },
        "gradle.plugin.nl.javadude.gradle.plugins:license-gradle-plugin": {
            "locked": "0.14.0",
            "requested": "0.14.0"
        }
    },
    "integTestRuntimeClasspath": {
        "com.github.jengelman.gradle.plugins:shadow": {
            "locked": "2.0.1",
            "requested": "latest.release"
        },
        "com.google.guava:guava": {
            "locked": "19.0",
            "requested": "19.+"
        },
        "com.netflix.nebula:gradle-override-plugin": {
            "locked": "3.0.2",
            "requested": "latest.release"
        },
        "com.netflix.nebula:nebula-bintray-plugin": {
            "locked": "3.5.2",
            "requested": "latest.release"
        },
        "com.netflix.nebula:nebula-project-plugin": {
            "locked": "3.4.0",
            "requested": "latest.release"
        },
        "com.netflix.nebula:nebula-publishing-plugin": {
            "locked": "5.1.4",
            "requested": "latest.release"
        },
        "com.netflix.nebula:nebula-release-plugin": {
            "locked": "6.0.2",
            "requested": "latest.release"
        },
        "com.netflix.nebula:nebula-test": {
            "locked": "6.1.2",
            "requested": "latest.release"
        },
        "gradle.plugin.nl.javadude.gradle.plugins:license-gradle-plugin": {
            "locked": "0.14.0",
            "requested": "0.14.0"
        }
    },
    "jacocoAgent": {
        "org.jacoco:org.jacoco.agent": {
            "locked": "0.7.8"
        }
    },
    "jacocoAnt": {
        "org.jacoco:org.jacoco.ant": {
            "locked": "0.7.8"
        }
    },
    "runtime": {
        "com.github.jengelman.gradle.plugins:shadow": {
            "locked": "2.0.1",
            "requested": "latest.release"
        },
        "com.google.guava:guava": {
            "locked": "19.0",
            "requested": "19.+"
        },
        "com.netflix.nebula:gradle-override-plugin": {
            "locked": "3.0.2",
            "requested": "latest.release"
        },
        "com.netflix.nebula:nebula-bintray-plugin": {
            "locked": "3.5.2",
            "requested": "latest.release"
        },
        "com.netflix.nebula:nebula-project-plugin": {
            "locked": "3.4.0",
            "requested": "latest.release"
        },
        "com.netflix.nebula:nebula-publishing-plugin": {
            "locked": "5.1.4",
            "requested": "latest.release"
        },
        "com.netflix.nebula:nebula-release-plugin": {
            "locked": "6.0.2",
            "requested": "latest.release"
        },
        "gradle.plugin.nl.javadude.gradle.plugins:license-gradle-plugin": {
            "locked": "0.14.0",
            "requested": "0.14.0"
        }
    },
    "runtimeClasspath": {
        "com.github.jengelman.gradle.plugins:shadow": {
            "locked": "2.0.1",
            "requested": "latest.release"
        },
        "com.google.guava:guava": {
            "locked": "19.0",
            "requested": "19.+"
        },
        "com.netflix.nebula:gradle-override-plugin": {
            "locked": "3.0.2",
            "requested": "latest.release"
        },
        "com.netflix.nebula:nebula-bintray-plugin": {
            "locked": "3.5.2",
            "requested": "latest.release"
        },
        "com.netflix.nebula:nebula-project-plugin": {
            "locked": "3.4.0",
            "requested": "latest.release"
        },
        "com.netflix.nebula:nebula-publishing-plugin": {
            "locked": "5.1.4",
            "requested": "latest.release"
        },
        "com.netflix.nebula:nebula-release-plugin": {
            "locked": "6.0.2",
            "requested": "latest.release"
        },
        "gradle.plugin.nl.javadude.gradle.plugins:license-gradle-plugin": {
            "locked": "0.14.0",
            "requested": "0.14.0"
        }
    },
    "testCompile": {
        "com.github.jengelman.gradle.plugins:shadow": {
            "locked": "2.0.1",
            "requested": "latest.release"
        },
        "com.google.guava:guava": {
            "locked": "19.0",
            "requested": "19.+"
        },
        "com.netflix.nebula:gradle-override-plugin": {
            "locked": "3.0.2",
            "requested": "latest.release"
        },
        "com.netflix.nebula:nebula-bintray-plugin": {
            "locked": "3.5.2",
            "requested": "latest.release"
        },
        "com.netflix.nebula:nebula-project-plugin": {
            "locked": "3.4.0",
            "requested": "latest.release"
        },
        "com.netflix.nebula:nebula-publishing-plugin": {
            "locked": "5.1.4",
            "requested": "latest.release"
        },
        "com.netflix.nebula:nebula-release-plugin": {
            "locked": "6.0.2",
            "requested": "latest.release"
        },
        "com.netflix.nebula:nebula-test": {
            "locked": "6.1.2",
            "requested": "latest.release"
        },
        "gradle.plugin.nl.javadude.gradle.plugins:license-gradle-plugin": {
            "locked": "0.14.0",
            "requested": "0.14.0"
        }
    },
    "testCompileClasspath": {
        "com.github.jengelman.gradle.plugins:shadow": {
            "locked": "2.0.1",
            "requested": "latest.release"
        },
        "com.google.guava:guava": {
            "locked": "19.0",
            "requested": "19.+"
        },
        "com.netflix.nebula:gradle-override-plugin": {
            "locked": "3.0.2",
            "requested": "latest.release"
        },
        "com.netflix.nebula:nebula-bintray-plugin": {
            "locked": "3.5.2",
            "requested": "latest.release"
        },
        "com.netflix.nebula:nebula-project-plugin": {
            "locked": "3.4.0",
            "requested": "latest.release"
        },
        "com.netflix.nebula:nebula-publishing-plugin": {
            "locked": "5.1.4",
            "requested": "latest.release"
        },
        "com.netflix.nebula:nebula-release-plugin": {
            "locked": "6.0.2",
            "requested": "latest.release"
        },
        "com.netflix.nebula:nebula-test": {
            "locked": "6.1.2",
            "requested": "latest.release"
        },
        "gradle.plugin.nl.javadude.gradle.plugins:license-gradle-plugin": {
            "locked": "0.14.0",
            "requested": "0.14.0"
        }
    },
    "testRuntime": {
        "com.github.jengelman.gradle.plugins:shadow": {
            "locked": "2.0.1",
            "requested": "latest.release"
        },
        "com.google.guava:guava": {
            "locked": "19.0",
            "requested": "19.+"
        },
        "com.netflix.nebula:gradle-override-plugin": {
            "locked": "3.0.2",
            "requested": "latest.release"
        },
        "com.netflix.nebula:nebula-bintray-plugin": {
            "locked": "3.5.2",
            "requested": "latest.release"
        },
        "com.netflix.nebula:nebula-project-plugin": {
            "locked": "3.4.0",
            "requested": "latest.release"
        },
        "com.netflix.nebula:nebula-publishing-plugin": {
            "locked": "5.1.4",
            "requested": "latest.release"
        },
        "com.netflix.nebula:nebula-release-plugin": {
            "locked": "6.0.2",
            "requested": "latest.release"
        },
        "com.netflix.nebula:nebula-test": {
            "locked": "6.1.2",
            "requested": "latest.release"
        },
        "gradle.plugin.nl.javadude.gradle.plugins:license-gradle-plugin": {
            "locked": "0.14.0",
            "requested": "0.14.0"
        }
    },
    "testRuntimeClasspath": {
        "com.github.jengelman.gradle.plugins:shadow": {
            "locked": "2.0.1",
            "requested": "latest.release"
        },
        "com.google.guava:guava": {
            "locked": "19.0",
            "requested": "19.+"
        },
        "com.netflix.nebula:gradle-override-plugin": {
            "locked": "3.0.2",
            "requested": "latest.release"
        },
        "com.netflix.nebula:nebula-bintray-plugin": {
            "locked": "3.5.2",
            "requested": "latest.release"
        },
        "com.netflix.nebula:nebula-project-plugin": {
            "locked": "3.4.0",
            "requested": "latest.release"
        },
        "com.netflix.nebula:nebula-publishing-plugin": {
            "locked": "5.1.4",
            "requested": "latest.release"
        },
        "com.netflix.nebula:nebula-release-plugin": {
            "locked": "6.0.2",
            "requested": "latest.release"
        },
        "com.netflix.nebula:nebula-test": {
            "locked": "6.1.2",
            "requested": "latest.release"
        },
        "gradle.plugin.nl.javadude.gradle.plugins:license-gradle-plugin": {
            "locked": "0.14.0",
            "requested": "0.14.0"
        }
    }
}