{
  "com.github.jengelman.gradle.plugins:shadow": { "locked": "1.0.2", "requested": "1.+" },
  "com.google.guava:guava": { "locked": "17.0", "requested": "17.0" },
  "com.netflix.nebula:nebula-bintray-plugin": { "locked": "1.12.3", "requested": "1.12.+" },
  "com.netflix.nebula:nebula-project-plugin": { "locked": "1.12.7", "requested": "1.12.+" },
  "com.netflix.nebula:nebula-test": { "locked": "1.12.0", "requested": "1.12.+" },
  "nl.javadude.gradle.plugins:license-gradle-plugin": { "locked": "0.9.0", "requested": "0.9.0" },
  "org.ajoberstar:gradle-git": { "locked": "0.9.0", "requested": "0.9.0" }
}
