{
    "compile": {
        "com.github.jengelman.gradle.plugins:shadow": {
            "locked": "1.2.3",
            "requested": "latest.release"
        },
        "com.google.guava:guava": {
            "locked": "19.0",
            "requested": "latest.release"
        },
        "com.netflix.nebula:gradle-override-plugin": {
            "locked": "3.0.2",
            "requested": "latest.release"
        },
        "com.netflix.nebula:nebula-bintray-plugin": {
            "locked": "3.4.0",
            "requested": "latest.release"
        },
        "com.netflix.nebula:nebula-core": {
            "locked": "4.0.1",
            "requested": "latest.release"
        },
        "com.netflix.nebula:nebula-project-plugin": {
            "locked": "3.1.0",
            "requested": "latest.release"
        },
        "com.netflix.nebula:nebula-publishing-plugin": {
            "locked": "4.7.0",
            "requested": "latest.release"
        },
        "com.netflix.nebula:nebula-release-plugin": {
            "locked": "4.0.1",
            "requested": "latest.release"
        },
        "nl.javadude.gradle.plugins:license-gradle-plugin": {
            "locked": "0.11.0",
            "requested": "latest.release"
        }
    },
    "compileClasspath": {
        "com.github.jengelman.gradle.plugins:shadow": {
            "locked": "1.2.3",
            "requested": "latest.release"
        },
        "com.google.guava:guava": {
            "locked": "19.0",
            "requested": "latest.release"
        },
        "com.netflix.nebula:gradle-override-plugin": {
            "locked": "3.0.2",
            "requested": "latest.release"
        },
        "com.netflix.nebula:nebula-bintray-plugin": {
            "locked": "3.4.0",
            "requested": "latest.release"
        },
        "com.netflix.nebula:nebula-core": {
            "locked": "4.0.1",
            "requested": "latest.release"
        },
        "com.netflix.nebula:nebula-project-plugin": {
            "locked": "3.1.0",
            "requested": "latest.release"
        },
        "com.netflix.nebula:nebula-publishing-plugin": {
            "locked": "4.7.0",
            "requested": "latest.release"
        },
        "com.netflix.nebula:nebula-release-plugin": {
            "locked": "4.0.1",
            "requested": "latest.release"
        },
        "nl.javadude.gradle.plugins:license-gradle-plugin": {
            "locked": "0.11.0",
            "requested": "latest.release"
        }
    },
    "compileOnly": {
        "com.github.jengelman.gradle.plugins:shadow": {
            "locked": "1.2.3",
            "requested": "latest.release"
        },
        "com.google.guava:guava": {
            "locked": "19.0",
            "requested": "latest.release"
        },
        "com.netflix.nebula:gradle-override-plugin": {
            "locked": "3.0.2",
            "requested": "latest.release"
        },
        "com.netflix.nebula:nebula-bintray-plugin": {
            "locked": "3.4.0",
            "requested": "latest.release"
        },
        "com.netflix.nebula:nebula-core": {
            "locked": "4.0.1",
            "requested": "latest.release"
        },
        "com.netflix.nebula:nebula-project-plugin": {
            "locked": "3.1.0",
            "requested": "latest.release"
        },
        "com.netflix.nebula:nebula-publishing-plugin": {
            "locked": "4.7.0",
            "requested": "latest.release"
        },
        "com.netflix.nebula:nebula-release-plugin": {
            "locked": "4.0.1",
            "requested": "latest.release"
        },
        "nl.javadude.gradle.plugins:license-gradle-plugin": {
            "locked": "0.11.0",
            "requested": "latest.release"
        }
    },
    "default": {
        "com.github.jengelman.gradle.plugins:shadow": {
            "locked": "1.2.3",
            "requested": "latest.release"
        },
        "com.google.guava:guava": {
            "locked": "19.0",
            "requested": "latest.release"
        },
        "com.netflix.nebula:gradle-override-plugin": {
            "locked": "3.0.2",
            "requested": "latest.release"
        },
        "com.netflix.nebula:nebula-bintray-plugin": {
            "locked": "3.4.0",
            "requested": "latest.release"
        },
        "com.netflix.nebula:nebula-core": {
            "locked": "4.0.1",
            "requested": "latest.release"
        },
        "com.netflix.nebula:nebula-project-plugin": {
            "locked": "3.1.0",
            "requested": "latest.release"
        },
        "com.netflix.nebula:nebula-publishing-plugin": {
            "locked": "4.7.0",
            "requested": "latest.release"
        },
        "com.netflix.nebula:nebula-release-plugin": {
            "locked": "4.0.1",
            "requested": "latest.release"
        },
        "nl.javadude.gradle.plugins:license-gradle-plugin": {
            "locked": "0.11.0",
            "requested": "latest.release"
        }
    },
    "jacocoAgent": {
        "org.jacoco:org.jacoco.agent": {
            "locked": "0.7.6.201602180812"
        }
    },
    "jacocoAnt": {
        "org.jacoco:org.jacoco.ant": {
            "locked": "0.7.6.201602180812"
        }
    },
    "runtime": {
        "com.github.jengelman.gradle.plugins:shadow": {
            "locked": "1.2.3",
            "requested": "latest.release"
        },
        "com.google.guava:guava": {
            "locked": "19.0",
            "requested": "latest.release"
        },
        "com.netflix.nebula:gradle-override-plugin": {
            "locked": "3.0.2",
            "requested": "latest.release"
        },
        "com.netflix.nebula:nebula-bintray-plugin": {
            "locked": "3.4.0",
            "requested": "latest.release"
        },
        "com.netflix.nebula:nebula-core": {
            "locked": "4.0.1",
            "requested": "latest.release"
        },
        "com.netflix.nebula:nebula-project-plugin": {
            "locked": "3.1.0",
            "requested": "latest.release"
        },
        "com.netflix.nebula:nebula-publishing-plugin": {
            "locked": "4.7.0",
            "requested": "latest.release"
        },
        "com.netflix.nebula:nebula-release-plugin": {
            "locked": "4.0.1",
            "requested": "latest.release"
        },
        "nl.javadude.gradle.plugins:license-gradle-plugin": {
            "locked": "0.11.0",
            "requested": "latest.release"
        }
    },
    "testCompile": {
        "com.github.jengelman.gradle.plugins:shadow": {
            "locked": "1.2.3",
            "requested": "latest.release"
        },
        "com.google.guava:guava": {
            "locked": "19.0",
            "requested": "latest.release"
        },
        "com.netflix.nebula:gradle-override-plugin": {
            "locked": "3.0.2",
            "requested": "latest.release"
        },
        "com.netflix.nebula:nebula-bintray-plugin": {
            "locked": "3.4.0",
            "requested": "latest.release"
        },
        "com.netflix.nebula:nebula-core": {
            "locked": "4.0.1",
            "requested": "latest.release"
        },
        "com.netflix.nebula:nebula-project-plugin": {
            "locked": "3.1.0",
            "requested": "latest.release"
        },
        "com.netflix.nebula:nebula-publishing-plugin": {
            "locked": "4.7.0",
            "requested": "latest.release"
        },
        "com.netflix.nebula:nebula-release-plugin": {
            "locked": "4.0.1",
            "requested": "latest.release"
        },
        "com.netflix.nebula:nebula-test": {
            "locked": "4.2.0",
            "requested": "latest.release"
        },
        "nl.javadude.gradle.plugins:license-gradle-plugin": {
            "locked": "0.11.0",
            "requested": "latest.release"
        }
    },
    "testCompileClasspath": {
        "com.github.jengelman.gradle.plugins:shadow": {
            "locked": "1.2.3",
            "requested": "latest.release"
        },
        "com.google.guava:guava": {
            "locked": "19.0",
            "requested": "latest.release"
        },
        "com.netflix.nebula:gradle-override-plugin": {
            "locked": "3.0.2",
            "requested": "latest.release"
        },
        "com.netflix.nebula:nebula-bintray-plugin": {
            "locked": "3.4.0",
            "requested": "latest.release"
        },
        "com.netflix.nebula:nebula-core": {
            "locked": "4.0.1",
            "requested": "latest.release"
        },
        "com.netflix.nebula:nebula-project-plugin": {
            "locked": "3.1.0",
            "requested": "latest.release"
        },
        "com.netflix.nebula:nebula-publishing-plugin": {
            "locked": "4.7.0",
            "requested": "latest.release"
        },
        "com.netflix.nebula:nebula-release-plugin": {
            "locked": "4.0.1",
            "requested": "latest.release"
        },
        "com.netflix.nebula:nebula-test": {
            "locked": "4.2.0",
            "requested": "latest.release"
        },
        "nl.javadude.gradle.plugins:license-gradle-plugin": {
            "locked": "0.11.0",
            "requested": "latest.release"
        }
    },
    "testCompileOnly": {
        "com.github.jengelman.gradle.plugins:shadow": {
            "locked": "1.2.3",
            "requested": "latest.release"
        },
        "com.google.guava:guava": {
            "locked": "19.0",
            "requested": "latest.release"
        },
        "com.netflix.nebula:gradle-override-plugin": {
            "locked": "3.0.2",
            "requested": "latest.release"
        },
        "com.netflix.nebula:nebula-bintray-plugin": {
            "locked": "3.4.0",
            "requested": "latest.release"
        },
        "com.netflix.nebula:nebula-core": {
            "locked": "4.0.1",
            "requested": "latest.release"
        },
        "com.netflix.nebula:nebula-project-plugin": {
            "locked": "3.1.0",
            "requested": "latest.release"
        },
        "com.netflix.nebula:nebula-publishing-plugin": {
            "locked": "4.7.0",
            "requested": "latest.release"
        },
        "com.netflix.nebula:nebula-release-plugin": {
            "locked": "4.0.1",
            "requested": "latest.release"
        },
        "com.netflix.nebula:nebula-test": {
            "locked": "4.2.0",
            "requested": "latest.release"
        },
        "nl.javadude.gradle.plugins:license-gradle-plugin": {
            "locked": "0.11.0",
            "requested": "latest.release"
        }
    },
    "testRuntime": {
        "com.github.jengelman.gradle.plugins:shadow": {
            "locked": "1.2.3",
            "requested": "latest.release"
        },
        "com.google.guava:guava": {
            "locked": "19.0",
            "requested": "latest.release"
        },
        "com.netflix.nebula:gradle-override-plugin": {
            "locked": "3.0.2",
            "requested": "latest.release"
        },
        "com.netflix.nebula:nebula-bintray-plugin": {
            "locked": "3.4.0",
            "requested": "latest.release"
        },
        "com.netflix.nebula:nebula-core": {
            "locked": "4.0.1",
            "requested": "latest.release"
        },
        "com.netflix.nebula:nebula-project-plugin": {
            "locked": "3.1.0",
            "requested": "latest.release"
        },
        "com.netflix.nebula:nebula-publishing-plugin": {
            "locked": "4.7.0",
            "requested": "latest.release"
        },
        "com.netflix.nebula:nebula-release-plugin": {
            "locked": "4.0.1",
            "requested": "latest.release"
        },
        "com.netflix.nebula:nebula-test": {
            "locked": "4.2.0",
            "requested": "latest.release"
        },
        "nl.javadude.gradle.plugins:license-gradle-plugin": {
            "locked": "0.11.0",
            "requested": "latest.release"
        }
    }
}